// !$*UTF8*$!
{
	archiveVersion = 1;
	classes = {
	};
	objectVersion = 50;
	objects = {

/* Begin PBXBuildFile section */
		2C94FA11D219DABB16990A2B /* libPods-RxRelaySample.a in Frameworks */ = {isa = PBXBuildFile; fileRef = EC15F5C729A478969A471EF8 /* libPods-RxRelaySample.a */; };
		AF69625E25550EC30025F947 /* AppDelegate.swift in Sources */ = {isa = PBXBuildFile; fileRef = AF69625D25550EC30025F947 /* AppDelegate.swift */; };
		AF69626025550EC30025F947 /* SceneDelegate.swift in Sources */ = {isa = PBXBuildFile; fileRef = AF69625F25550EC30025F947 /* SceneDelegate.swift */; };
		AF69626225550EC30025F947 /* ViewController.swift in Sources */ = {isa = PBXBuildFile; fileRef = AF69626125550EC30025F947 /* ViewController.swift */; };
		AF69626525550EC30025F947 /* Main.storyboard in Resources */ = {isa = PBXBuildFile; fileRef = AF69626325550EC30025F947 /* Main.storyboard */; };
		AF69626725550EC50025F947 /* Assets.xcassets in Resources */ = {isa = PBXBuildFile; fileRef = AF69626625550EC50025F947 /* Assets.xcassets */; };
		AF69626A25550EC50025F947 /* LaunchScreen.storyboard in Resources */ = {isa = PBXBuildFile; fileRef = AF69626825550EC50025F947 /* LaunchScreen.storyboard */; };
/* End PBXBuildFile section */

/* Begin PBXFileReference section */
		8ADFA3F309F29E1BBA23E534 /* Pods-RxRelaySample.debug.xcconfig */ = {isa = PBXFileReference; includeInIndex = 1; lastKnownFileType = text.xcconfig; name = "Pods-RxRelaySample.debug.xcconfig"; path = "Target Support Files/Pods-RxRelaySample/Pods-RxRelaySample.debug.xcconfig"; sourceTree = "<group>"; };
		ACFC30C844A2326FE18AFBD2 /* Pods-RxRelaySample.release.xcconfig */ = {isa = PBXFileReference; includeInIndex = 1; lastKnownFileType = text.xcconfig; name = "Pods-RxRelaySample.release.xcconfig"; path = "Target Support Files/Pods-RxRelaySample/Pods-RxRelaySample.release.xcconfig"; sourceTree = "<group>"; };
		AF69625A25550EC30025F947 /* RxRelaySample.app */ = {isa = PBXFileReference; explicitFileType = wrapper.application; includeInIndex = 0; path = RxRelaySample.app; sourceTree = BUILT_PRODUCTS_DIR; };
		AF69625D25550EC30025F947 /* AppDelegate.swift */ = {isa = PBXFileReference; lastKnownFileType = sourcecode.swift; path = AppDelegate.swift; sourceTree = "<group>"; };
		AF69625F25550EC30025F947 /* SceneDelegate.swift */ = {isa = PBXFileReference; lastKnownFileType = sourcecode.swift; path = SceneDelegate.swift; sourceTree = "<group>"; };
		AF69626125550EC30025F947 /* ViewController.swift */ = {isa = PBXFileReference; lastKnownFileType = sourcecode.swift; path = ViewController.swift; sourceTree = "<group>"; };
		AF69626425550EC30025F947 /* Base */ = {isa = PBXFileReference; lastKnownFileType = file.storyboard; name = Base; path = Base.lproj/Main.storyboard; sourceTree = "<group>"; };
		AF69626625550EC50025F947 /* Assets.xcassets */ = {isa = PBXFileReference; lastKnownFileType = folder.assetcatalog; path = Assets.xcassets; sourceTree = "<group>"; };
		AF69626925550EC50025F947 /* Base */ = {isa = PBXFileReference; lastKnownFileType = file.storyboard; name = Base; path = Base.lproj/LaunchScreen.storyboard; sourceTree = "<group>"; };
		AF69626B25550EC50025F947 /* Info.plist */ = {isa = PBXFileReference; lastKnownFileType = text.plist.xml; path = Info.plist; sourceTree = "<group>"; };
		AF696275255511FA0025F947 /* RxBlocking.framework */ = {isa = PBXFileReference; lastKnownFileType = wrapper.framework; name = RxBlocking.framework; path = Carthage/Build/iOS/RxBlocking.framework; sourceTree = "<group>"; };
		EC15F5C729A478969A471EF8 /* libPods-RxRelaySample.a */ = {isa = PBXFileReference; explicitFileType = archive.ar; includeInIndex = 0; path = "libPods-RxRelaySample.a"; sourceTree = BUILT_PRODUCTS_DIR; };
/* End PBXFileReference section */

/* Begin PBXFrameworksBuildPhase section */
		AF69625725550EC30025F947 /* Frameworks */ = {
			isa = PBXFrameworksBuildPhase;
			buildActionMask = 2147483647;
			files = (
				2C94FA11D219DABB16990A2B /* libPods-RxRelaySample.a in Frameworks */,
			);
			runOnlyForDeploymentPostprocessing = 0;
		};
/* End PBXFrameworksBuildPhase section */

/* Begin PBXGroup section */
		A83C231C9511ED4D93F12112 /* Pods */ = {
			isa = PBXGroup;
			children = (
				8ADFA3F309F29E1BBA23E534 /* Pods-RxRelaySample.debug.xcconfig */,
				ACFC30C844A2326FE18AFBD2 /* Pods-RxRelaySample.release.xcconfig */,
			);
			name = Pods;
			path = Pods;
			sourceTree = "<group>";
		};
		AF69625125550EC30025F947 = {
			isa = PBXGroup;
			children = (
				AF69625C25550EC30025F947 /* RxRelaySample */,
				AF69625B25550EC30025F947 /* Products */,
				AF696274255511FA0025F947 /* Frameworks */,
				A83C231C9511ED4D93F12112 /* Pods */,
			);
			sourceTree = "<group>";
		};
		AF69625B25550EC30025F947 /* Products */ = {
			isa = PBXGroup;
			children = (
				AF69625A25550EC30025F947 /* RxRelaySample.app */,
			);
			name = Products;
			sourceTree = "<group>";
		};
		AF69625C25550EC30025F947 /* RxRelaySample */ = {
			isa = PBXGroup;
			children = (
				AF69625D25550EC30025F947 /* AppDelegate.swift */,
				AF69625F25550EC30025F947 /* SceneDelegate.swift */,
				AF69626125550EC30025F947 /* ViewController.swift */,
				AF69626325550EC30025F947 /* Main.storyboard */,
				AF69626625550EC50025F947 /* Assets.xcassets */,
				AF69626825550EC50025F947 /* LaunchScreen.storyboard */,
				AF69626B25550EC50025F947 /* Info.plist */,
			);
			path = RxRelaySample;
			sourceTree = "<group>";
		};
		AF696274255511FA0025F947 /* Frameworks */ = {
			isa = PBXGroup;
			children = (
				AF696275255511FA0025F947 /* RxBlocking.framework */,
				EC15F5C729A478969A471EF8 /* libPods-RxRelaySample.a */,
			);
			name = Frameworks;
			sourceTree = "<group>";
		};
/* End PBXGroup section */

/* Begin PBXNativeTarget section */
		AF69625925550EC30025F947 /* RxRelaySample */ = {
			isa = PBXNativeTarget;
			buildConfigurationList = AF69626E25550EC50025F947 /* Build configuration list for PBXNativeTarget "RxRelaySample" */;
			buildPhases = (
				38E102A16D77E21FD9D2D243 /* [CP] Check Pods Manifest.lock */,
				AF69625625550EC30025F947 /* Sources */,
				AF69625725550EC30025F947 /* Frameworks */,
				AF69625825550EC30025F947 /* Resources */,
				AF69627225550F8B0025F947 /* ShellScript */,
			);
			buildRules = (
			);
			dependencies = (
			);
			name = RxRelaySample;
			productName = RxRelaySample;
			productReference = AF69625A25550EC30025F947 /* RxRelaySample.app */;
			productType = "com.apple.product-type.application";
		};
/* End PBXNativeTarget section */

/* Begin PBXProject section */
		AF69625225550EC30025F947 /* Project object */ = {
			isa = PBXProject;
			attributes = {
				LastSwiftUpdateCheck = 1200;
				LastUpgradeCheck = 1200;
				TargetAttributes = {
					AF69625925550EC30025F947 = {
						CreatedOnToolsVersion = 12.0.1;
					};
				};
			};
			buildConfigurationList = AF69625525550EC30025F947 /* Build configuration list for PBXProject "RxRelaySample" */;
			compatibilityVersion = "Xcode 9.3";
			developmentRegion = en;
			hasScannedForEncodings = 0;
			knownRegions = (
				en,
				Base,
			);
			mainGroup = AF69625125550EC30025F947;
			productRefGroup = AF69625B25550EC30025F947 /* Products */;
			projectDirPath = "";
			projectRoot = "";
			targets = (
				AF69625925550EC30025F947 /* RxRelaySample */,
			);
		};
/* End PBXProject section */

/* Begin PBXResourcesBuildPhase section */
		AF69625825550EC30025F947 /* Resources */ = {
			isa = PBXResourcesBuildPhase;
			buildActionMask = 2147483647;
			files = (
				AF69626A25550EC50025F947 /* LaunchScreen.storyboard in Resources */,
				AF69626725550EC50025F947 /* Assets.xcassets in Resources */,
				AF69626525550EC30025F947 /* Main.storyboard in Resources */,
			);
			runOnlyForDeploymentPostprocessing = 0;
		};
/* End PBXResourcesBuildPhase section */

/* Begin PBXShellScriptBuildPhase section */
		38E102A16D77E21FD9D2D243 /* [CP] Check Pods Manifest.lock */ = {
			isa = PBXShellScriptBuildPhase;
			buildActionMask = 2147483647;
			files = (
			);
			inputFileListPaths = (
			);
			inputPaths = (
				"${PODS_PODFILE_DIR_PATH}/Podfile.lock",
				"${PODS_ROOT}/Manifest.lock",
			);
			name = "[CP] Check Pods Manifest.lock";
			outputFileListPaths = (
			);
			outputPaths = (
				"$(DERIVED_FILE_DIR)/Pods-RxRelaySample-checkManifestLockResult.txt",
			);
			runOnlyForDeploymentPostprocessing = 0;
			shellPath = /bin/sh;
			shellScript = "diff \"${PODS_PODFILE_DIR_PATH}/Podfile.lock\" \"${PODS_ROOT}/Manifest.lock\" > /dev/null\nif [ $? != 0 ] ; then\n    # print error to STDERR\n    echo \"error: The sandbox is not in sync with the Podfile.lock. Run 'pod install' or update your CocoaPods installation.\" >&2\n    exit 1\nfi\n# This output is used by Xcode 'outputs' to avoid re-running this script phase.\necho \"SUCCESS\" > \"${SCRIPT_OUTPUT_FILE_0}\"\n";
			showEnvVarsInLog = 0;
		};
		AF69627225550F8B0025F947 /* ShellScript */ = {
			isa = PBXShellScriptBuildPhase;
			buildActionMask = 2147483647;
			files = (
			);
			inputFileListPaths = (
			);
			inputPaths = (
			);
			outputFileListPaths = (
			);
			outputPaths = (
			);
			runOnlyForDeploymentPostprocessing = 0;
			shellPath = /bin/sh;
			shellScript = "\n";
		};
/* End PBXShellScriptBuildPhase section */

/* Begin PBXSourcesBuildPhase section */
		AF69625625550EC30025F947 /* Sources */ = {
			isa = PBXSourcesBuildPhase;
			buildActionMask = 2147483647;
			files = (
				AF69626225550EC30025F947 /* ViewController.swift in Sources */,
				AF69625E25550EC30025F947 /* AppDelegate.swift in Sources */,
				AF69626025550EC30025F947 /* SceneDelegate.swift in Sources */,
			);
			runOnlyForDeploymentPostprocessing = 0;
		};
/* End PBXSourcesBuildPhase section */

/* Begin PBXVariantGroup section */
		AF69626325550EC30025F947 /* Main.storyboard */ = {
			isa = PBXVariantGroup;
			children = (
				AF69626425550EC30025F947 /* Base */,
			);
			name = Main.storyboard;
			sourceTree = "<group>";
		};
		AF69626825550EC50025F947 /* LaunchScreen.storyboard */ = {
			isa = PBXVariantGroup;
			children = (
				AF69626925550EC50025F947 /* Base */,
			);
			name = LaunchScreen.storyboard;
			sourceTree = "<group>";
		};
/* End PBXVariantGroup section */

/* Begin XCBuildConfiguration section */
		AF69626C25550EC50025F947 /* Debug */ = {
			isa = XCBuildConfiguration;
			buildSettings = {
				ALWAYS_SEARCH_USER_PATHS = NO;
				CLANG_ANALYZER_NONNULL = YES;
				CLANG_ANALYZER_NUMBER_OBJECT_CONVERSION = YES_AGGRESSIVE;
				CLANG_CXX_LANGUAGE_STANDARD = "gnu++14";
				CLANG_CXX_LIBRARY = "libc++";
				CLANG_ENABLE_MODULES = YES;
				CLANG_ENABLE_OBJC_ARC = YES;
				CLANG_ENABLE_OBJC_WEAK = YES;
				CLANG_WARN_BLOCK_CAPTURE_AUTORELEASING = YES;
				CLANG_WARN_BOOL_CONVERSION = YES;
				CLANG_WARN_COMMA = YES;
				CLANG_WARN_CONSTANT_CONVERSION = YES;
				CLANG_WARN_DEPRECATED_OBJC_IMPLEMENTATIONS = YES;
				CLANG_WARN_DIRECT_OBJC_ISA_USAGE = YES_ERROR;
				CLANG_WARN_DOCUMENTATION_COMMENTS = YES;
				CLANG_WARN_EMPTY_BODY = YES;
				CLANG_WARN_ENUM_CONVERSION = YES;
				CLANG_WARN_INFINITE_RECURSION = YES;
				CLANG_WARN_INT_CONVERSION = YES;
				CLANG_WARN_NON_LITERAL_NULL_CONVERSION = YES;
				CLANG_WARN_OBJC_IMPLICIT_RETAIN_SELF = YES;
				CLANG_WARN_OBJC_LITERAL_CONVERSION = YES;
				CLANG_WARN_OBJC_ROOT_CLASS = YES_ERROR;
				CLANG_WARN_QUOTED_INCLUDE_IN_FRAMEWORK_HEADER = YES;
				CLANG_WARN_RANGE_LOOP_ANALYSIS = YES;
				CLANG_WARN_STRICT_PROTOTYPES = YES;
				CLANG_WARN_SUSPICIOUS_MOVE = YES;
				CLANG_WARN_UNGUARDED_AVAILABILITY = YES_AGGRESSIVE;
				CLANG_WARN_UNREACHABLE_CODE = YES;
				CLANG_WARN__DUPLICATE_METHOD_MATCH = YES;
				COPY_PHASE_STRIP = NO;
				DEBUG_INFORMATION_FORMAT = dwarf;
				ENABLE_STRICT_OBJC_MSGSEND = YES;
				ENABLE_TESTABILITY = YES;
				GCC_C_LANGUAGE_STANDARD = gnu11;
				GCC_DYNAMIC_NO_PIC = NO;
				GCC_NO_COMMON_BLOCKS = YES;
				GCC_OPTIMIZATION_LEVEL = 0;
				GCC_PREPROCESSOR_DEFINITIONS = (
					"DEBUG=1",
					"$(inherited)",
				);
				GCC_WARN_64_TO_32_BIT_CONVERSION = YES;
				GCC_WARN_ABOUT_RETURN_TYPE = YES_ERROR;
				GCC_WARN_UNDECLARED_SELECTOR = YES;
				GCC_WARN_UNINITIALIZED_AUTOS = YES_AGGRESSIVE;
				GCC_WARN_UNUSED_FUNCTION = YES;
				GCC_WARN_UNUSED_VARIABLE = YES;
				IPHONEOS_DEPLOYMENT_TARGET = 14.0;
				MTL_ENABLE_DEBUG_INFO = INCLUDE_SOURCE;
				MTL_FAST_MATH = YES;
				ONLY_ACTIVE_ARCH = YES;
				SDKROOT = iphoneos;
				SWIFT_ACTIVE_COMPILATION_CONDITIONS = DEBUG;
				SWIFT_OPTIMIZATION_LEVEL = "-Onone";
			};
			name = Debug;
		};
		AF69626D25550EC50025F947 /* Release */ = {
			isa = XCBuildConfiguration;
			buildSettings = {
				ALWAYS_SEARCH_USER_PATHS = NO;
				CLANG_ANALYZER_NONNULL = YES;
				CLANG_ANALYZER_NUMBER_OBJECT_CONVERSION = YES_AGGRESSIVE;
				CLANG_CXX_LANGUAGE_STANDARD = "gnu++14";
				CLANG_CXX_LIBRARY = "libc++";
				CLANG_ENABLE_MODULES = YES;
				CLANG_ENABLE_OBJC_ARC = YES;
				CLANG_ENABLE_OBJC_WEAK = YES;
				CLANG_WARN_BLOCK_CAPTURE_AUTORELEASING = YES;
				CLANG_WARN_BOOL_CONVERSION = YES;
				CLANG_WARN_COMMA = YES;
				CLANG_WARN_CONSTANT_CONVERSION = YES;
				CLANG_WARN_DEPRECATED_OBJC_IMPLEMENTATIONS = YES;
				CLANG_WARN_DIRECT_OBJC_ISA_USAGE = YES_ERROR;
				CLANG_WARN_DOCUMENTATION_COMMENTS = YES;
				CLANG_WARN_EMPTY_BODY = YES;
				CLANG_WARN_ENUM_CONVERSION = YES;
				CLANG_WARN_INFINITE_RECURSION = YES;
				CLANG_WARN_INT_CONVERSION = YES;
				CLANG_WARN_NON_LITERAL_NULL_CONVERSION = YES;
				CLANG_WARN_OBJC_IMPLICIT_RETAIN_SELF = YES;
				CLANG_WARN_OBJC_LITERAL_CONVERSION = YES;
				CLANG_WARN_OBJC_ROOT_CLASS = YES_ERROR;
				CLANG_WARN_QUOTED_INCLUDE_IN_FRAMEWORK_HEADER = YES;
				CLANG_WARN_RANGE_LOOP_ANALYSIS = YES;
				CLANG_WARN_STRICT_PROTOTYPES = YES;
				CLANG_WARN_SUSPICIOUS_MOVE = YES;
				CLANG_WARN_UNGUARDED_AVAILABILITY = YES_AGGRESSIVE;
				CLANG_WARN_UNREACHABLE_CODE = YES;
				CLANG_WARN__DUPLICATE_METHOD_MATCH = YES;
				COPY_PHASE_STRIP = NO;
				DEBUG_INFORMATION_FORMAT = "dwarf-with-dsym";
				ENABLE_NS_ASSERTIONS = NO;
				ENABLE_STRICT_OBJC_MSGSEND = YES;
				GCC_C_LANGUAGE_STANDARD = gnu11;
				GCC_NO_COMMON_BLOCKS = YES;
				GCC_WARN_64_TO_32_BIT_CONVERSION = YES;
				GCC_WARN_ABOUT_RETURN_TYPE = YES_ERROR;
				GCC_WARN_UNDECLARED_SELECTOR = YES;
				GCC_WARN_UNINITIALIZED_AUTOS = YES_AGGRESSIVE;
				GCC_WARN_UNUSED_FUNCTION = YES;
				GCC_WARN_UNUSED_VARIABLE = YES;
				IPHONEOS_DEPLOYMENT_TARGET = 14.0;
				MTL_ENABLE_DEBUG_INFO = NO;
				MTL_FAST_MATH = YES;
				SDKROOT = iphoneos;
				SWIFT_COMPILATION_MODE = wholemodule;
				SWIFT_OPTIMIZATION_LEVEL = "-O";
				VALIDATE_PRODUCT = YES;
			};
			name = Release;
		};
		AF69626F25550EC50025F947 /* Debug */ = {
			isa = XCBuildConfiguration;
			baseConfigurationReference = 8ADFA3F309F29E1BBA23E534 /* Pods-RxRelaySample.debug.xcconfig */;
			buildSettings = {
				ASSETCATALOG_COMPILER_APPICON_NAME = AppIcon;
				ASSETCATALOG_COMPILER_GLOBAL_ACCENT_COLOR_NAME = AccentColor;
				CODE_SIGN_STYLE = Automatic;
				DEVELOPMENT_TEAM = MD32H432SJ;
				FRAMEWORK_SEARCH_PATHS = (
					"$(inherited)",
					"$(PROJECT_DIR)/Carthage/Build/iOS",
				);
				INFOPLIST_FILE = RxRelaySample/Info.plist;
				LD_RUNPATH_SEARCH_PATHS = (
					"$(inherited)",
					"@executable_path/Frameworks",
				);
				PRODUCT_BUNDLE_IDENTIFIER = Geoge.RxRelaySample;
				PRODUCT_NAME = "$(TARGET_NAME)";
				SWIFT_VERSION = 5.0;
				TARGETED_DEVICE_FAMILY = "1,2";
			};
			name = Debug;
		};
		AF69627025550EC50025F947 /* Release */ = {
			isa = XCBuildConfiguration;
			baseConfigurationReference = ACFC30C844A2326FE18AFBD2 /* Pods-RxRelaySample.release.xcconfig */;
			buildSettings = {
				ASSETCATALOG_COMPILER_APPICON_NAME = AppIcon;
				ASSETCATALOG_COMPILER_GLOBAL_ACCENT_COLOR_NAME = AccentColor;
				CODE_SIGN_STYLE = Automatic;
				DEVELOPMENT_TEAM = MD32H432SJ;
				FRAMEWORK_SEARCH_PATHS = (
					"$(inherited)",
					"$(PROJECT_DIR)/Carthage/Build/iOS",
				);
				INFOPLIST_FILE = RxRelaySample/Info.plist;
				LD_RUNPATH_SEARCH_PATHS = (
					"$(inherited)",
					"@executable_path/Frameworks",
				);
				PRODUCT_BUNDLE_IDENTIFIER = Geoge.RxRelaySample;
				PRODUCT_NAME = "$(TARGET_NAME)";
				SWIFT_VERSION = 5.0;
				TARGETED_DEVICE_FAMILY = "1,2";
			};
			name = Release;
		};
/* End XCBuildConfiguration section */

/* Begin XCConfigurationList section */
		AF69625525550EC30025F947 /* Build configuration list for PBXProject "RxRelaySample" */ = {
			isa = XCConfigurationList;
			buildConfigurations = (
				AF69626C25550EC50025F947 /* Debug */,
				AF69626D25550EC50025F947 /* Release */,
			);
			defaultConfigurationIsVisible = 0;
			defaultConfigurationName = Release;
		};
		AF69626E25550EC50025F947 /* Build configuration list for PBXNativeTarget "RxRelaySample" */ = {
			isa = XCConfigurationList;
			buildConfigurations = (
				AF69626F25550EC50025F947 /* Debug */,
				AF69627025550EC50025F947 /* Release */,
			);
			defaultConfigurationIsVisible = 0;
			defaultConfigurationName = Release;
		};
/* End XCConfigurationList section */
	};
	rootObject = AF69625225550EC30025F947 /* Project object */;
}
